github.com/shivamMg/ppds v0.0.1 h1:idK2dpaen652zOO+OmcwmyoPNncBNqfHjF/14eS5JIk=
github.com/shivamMg/ppds v0.0.1/go.mod h1:hb39VqUO6qfkb9zBBQPTIV1vWBtI7yQsG0wr3pN78fM=
github.com/shivamMg/trie v0.0.0-20220605114339-55c1368e363e h1:FXSycfkDlpeF+sN2054F+QdwMJl4KmNsCvh7pK9J2iE=
github.com/shivamMg/trie v0.0.0-20220605114339-55c1368e363e/go.mod h1:v1IXT5cQe1ECqbKpvD6v+BSEXIt6Is0iLbRZoA7BTDc=
github.com/shuLhan/go-bindata v4.0.0+incompatible h1:xD8LkuVZLV5OOn/IEuFdt6EEAW7deWiqgwaaSGhjAJc=
github.com/shuLhan/go-bindata v4.0.0+incompatible/go.mod h1:pkcPAATLBDD2+SpAPnX5vEM90F7fcwHCvvLCMXcmw3g=
